
Microsoft Visual Studio Solution File, Format Version 12.00
# Visual Studio Version 16
VisualStudioVersion = 16.0.28803.156
MinimumVisualStudioVersion = 10.0.40219.1
Project("{8BC9CEB8-8B4A-11D0-8D11-00A0C91BC942}") = "OOPLab4", "OOPLab4.vcxproj", "{89CD49D4-278C-4B2C-A985-CC74F76BC758}"
EndProject
Global
	GlobalSection(SolutionConfigurationPlatforms) = preSolution
		Debug|x64 = Debug|x64
		Debug|x86 = Debug|x86
		Release|x64 = Release|x64
		Release|x86 = Release|x86
	EndGlobalSection
	GlobalSection(ProjectConfigurationPlatforms) = postSolution
		{89CD49D4-278C-4B2C-A985-CC74F76BC758}.Debug|x64.ActiveCfg = Debug|x64
		{89CD49D4-278C-4B2C-A985-CC74F76BC758}.Debug|x64.Build.0 = Debug|x64
		{89CD49D4-278C-4B2C-A985-CC74F76BC758}.Debug|x86.ActiveCfg = Debug|Win32
		{89CD49D4-278C-4B2C-A985-CC74F76BC758}.Debug|x86.Build.0 = Debug|Win32
		{89CD49D4-278C-4B2C-A985-CC74F76BC758}.Release|x64.ActiveCfg = Release|x64
		{89CD49D4-278C-4B2C-A985-CC74F76BC758}.Release|x64.Build.0 = Release|x64
		{89CD49D4-278C-4B2C-A985-CC74F76BC758}.Release|x86.ActiveCfg = Release|Win32
		{89CD49D4-278C-4B2C-A985-CC74F76BC758}.Release|x86.Build.0 = Release|Win32
	EndGlobalSection
	GlobalSection(SolutionProperties) = preSolution
		HideSolutionNode = FALSE
	EndGlobalSection
	GlobalSection(ExtensibilityGlobals) = postSolution
		SolutionGuid = {3C1C5B59-01F2-4D7B-B61C-ABF26603F74A}
	EndGlobalSection
EndGlobal
